
Microsoft Visual Studio Solution File, Format Version 11.00
# Visual Studio 2010
Project("{FAE04EC0-301F-11D3-BF4B-00C04F79EFBC}") = "rocket_Destroy", "Assembly-CSharp.csproj", "{2B262891-35D5-3BE1-551F-55EE768E5F0A}"
EndProject
Project("{FAE04EC0-301F-11D3-BF4B-00C04F79EFBC}") = "rocket_Destroy", "Assembly-CSharp-Editor.csproj", "{13C78CAB-64DE-AB1F-6D63-008F27802A05}"
EndProject
Global
	GlobalSection(SolutionConfigurationPlatforms) = preSolution
		Debug|Any CPU = Debug|Any CPU
		Release|Any CPU = Release|Any CPU
	EndGlobalSection
	GlobalSection(ProjectConfigurationPlatforms) = postSolution
		{2B262891-35D5-3BE1-551F-55EE768E5F0A}.Debug|Any CPU.ActiveCfg = Debug|Any CPU
		{2B262891-35D5-3BE1-551F-55EE768E5F0A}.Debug|Any CPU.Build.0 = Debug|Any CPU
		{2B262891-35D5-3BE1-551F-55EE768E5F0A}.Release|Any CPU.ActiveCfg = Release|Any CPU
		{2B262891-35D5-3BE1-551F-55EE768E5F0A}.Release|Any CPU.Build.0 = Release|Any CPU
		{13C78CAB-64DE-AB1F-6D63-008F27802A05}.Debug|Any CPU.ActiveCfg = Debug|Any CPU
		{13C78CAB-64DE-AB1F-6D63-008F27802A05}.Debug|Any CPU.Build.0 = Debug|Any CPU
		{13C78CAB-64DE-AB1F-6D63-008F27802A05}.Release|Any CPU.ActiveCfg = Release|Any CPU
		{13C78CAB-64DE-AB1F-6D63-008F27802A05}.Release|Any CPU.Build.0 = Release|Any CPU
	EndGlobalSection
	GlobalSection(SolutionProperties) = preSolution
		HideSolutionNode = FALSE
	EndGlobalSection
	GlobalSection(MonoDevelopProperties) = preSolution
		StartupItem = Assembly-CSharp.csproj
	EndGlobalSection
EndGlobal
